# DO NOT EDIT MANUALLY - Managed by Fern Replay
version: "1.0"
generations:
  - commit_sha: 6e34fbd4325696969f96420fa8aea5852bbf115a
    tree_hash: 4afc0d1dab9642d6cc433a8c4ebcccd798190b48
    timestamp: 2026-09-10T18:10:28.271Z
    cli_version: unknown
    generator_versions: {}
  - commit_sha: 831f4d7283be4b449538eeedabe6ca7e2199a4ee
    tree_hash: f218dec9aac9d7329ac60ae679753f63f4209540
    timestamp: 2026-09-10T18:10:28.554Z
    cli_version: unknown
    generator_versions:
      fernapi/fern-php-sdk: 2.20.4
  - commit_sha: 162dee0799554287e35c728e16de91b00f5ed834
    tree_hash: 35ee69a60688139ecca5978f621bf0cdbc603fad
    timestamp: 2026-09-14T15:45:15.280Z
    cli_version: unknown
    generator_versions:
      fernapi/fern-php-sdk: 2.20.4
  - commit_sha: 621273c2a4d2454d4d52117eed975b8f4bbeced1
    tree_hash: c96d12d3c717023d8d7041e06969ab934210c391
    timestamp: 2026-09-16T14:41:00.476Z
    cli_version: unknown
    generator_versions:
      fernapi/fern-php-sdk: 2.20.4
current_generation: 621273c2a4d2454d4d52117eed975b8f4bbeced1
patches: []
