# DO NOT EDIT MANUALLY - Managed by Fern Replay
version: "1.0"
generations:
  - commit_sha: 6e34fbd4325696969f96420fa8aea5852bbf115a
    tree_hash: 4afc0d1dab9642d6cc433a8c4ebcccd798190b48
    timestamp: 2026-09-10T18:10:28.271Z
    cli_version: unknown
    generator_versions: {}
current_generation: 6e34fbd4325696969f96420fa8aea5852bbf115a
patches: []
